// !$*UTF8*$!
{
	archiveVersion = 1;
	classes = {
	};
	objectVersion = 56;
	objects = {

/* Begin PBXBuildFile section */
		501B12532BDF22CB001784BF /* Home.swift in Sources */ = {isa = PBXBuildFile; fileRef = 501B12522BDF22CB001784BF /* Home.swift */; };
		501B12552BDF2302001784BF /* SearchViewModel.swift in Sources */ = {isa = PBXBuildFile; fileRef = 501B12542BDF2302001784BF /* SearchViewModel.swift */; };
		501B12592BDF8C43001784BF /* AutocompleteView.swift in Sources */ = {isa = PBXBuildFile; fileRef = 501B12582BDF8C43001784BF /* AutocompleteView.swift */; };
		501B125F2BDFB6AA001784BF /* CurrentTimeView.swift in Sources */ = {isa = PBXBuildFile; fileRef = 501B125E2BDFB6AA001784BF /* CurrentTimeView.swift */; };
		501B12612BDFB759001784BF /* TimeViewModel.swift in Sources */ = {isa = PBXBuildFile; fileRef = 501B12602BDFB759001784BF /* TimeViewModel.swift */; };
		501B12652BDFB919001784BF /* AppModel.swift in Sources */ = {isa = PBXBuildFile; fileRef = 501B12642BDFB919001784BF /* AppModel.swift */; };
		501B12672BDFBD79001784BF /* StockDetailView.swift in Sources */ = {isa = PBXBuildFile; fileRef = 501B12662BDFBD79001784BF /* StockDetailView.swift */; };
		5029F9552BE1CF4900253CD1 /* HistoricalViewModel.swift in Sources */ = {isa = PBXBuildFile; fileRef = 5029F9542BE1CF4900253CD1 /* HistoricalViewModel.swift */; };
		5029F9572BE1CF6D00253CD1 /* HistoricalChartView.swift in Sources */ = {isa = PBXBuildFile; fileRef = 5029F9562BE1CF6D00253CD1 /* HistoricalChartView.swift */; };
		5029F9592BE206DC00253CD1 /* AboutView.swift in Sources */ = {isa = PBXBuildFile; fileRef = 5029F9582BE206DC00253CD1 /* AboutView.swift */; };
		5029F95B2BE207DF00253CD1 /* AboutViewModel.swift in Sources */ = {isa = PBXBuildFile; fileRef = 5029F95A2BE207DF00253CD1 /* AboutViewModel.swift */; };
		5029F95D2BE2219400253CD1 /* InsightsView.swift in Sources */ = {isa = PBXBuildFile; fileRef = 5029F95C2BE2219400253CD1 /* InsightsView.swift */; };
		5029F9612BE221C700253CD1 /* InsightsViewModel.swift in Sources */ = {isa = PBXBuildFile; fileRef = 5029F9602BE221C700253CD1 /* InsightsViewModel.swift */; };
		5029F9632BE2298900253CD1 /* NewsView.swift in Sources */ = {isa = PBXBuildFile; fileRef = 5029F9622BE2298900253CD1 /* NewsView.swift */; };
		5029F9652BE233E000253CD1 /* NewsViewModel.swift in Sources */ = {isa = PBXBuildFile; fileRef = 5029F9642BE233E000253CD1 /* NewsViewModel.swift */; };
		5029F9672BE2354400253CD1 /* RecommendChartView.swift in Sources */ = {isa = PBXBuildFile; fileRef = 5029F9662BE2354400253CD1 /* RecommendChartView.swift */; };
		5029F9692BE238D200253CD1 /* RecommendViewModel.swift in Sources */ = {isa = PBXBuildFile; fileRef = 5029F9682BE238D200253CD1 /* RecommendViewModel.swift */; };
		507FDCF82BDE34E5005C0F47 /* StocksAppCSCI571App.swift in Sources */ = {isa = PBXBuildFile; fileRef = 507FDCF72BDE34E5005C0F47 /* StocksAppCSCI571App.swift */; };
		507FDCFC2BDE34E7005C0F47 /* Assets.xcassets in Resources */ = {isa = PBXBuildFile; fileRef = 507FDCFB2BDE34E7005C0F47 /* Assets.xcassets */; };
		507FDCFF2BDE34E7005C0F47 /* Preview Assets.xcassets in Resources */ = {isa = PBXBuildFile; fileRef = 507FDCFE2BDE34E7005C0F47 /* Preview Assets.xcassets */; };
		507FDD0A2BDE35CF005C0F47 /* Launch Screen.storyboard in Resources */ = {isa = PBXBuildFile; fileRef = 507FDD092BDE35CF005C0F47 /* Launch Screen.storyboard */; };
		50A46FD32BE0896D00DE5A84 /* StockBaseView.swift in Sources */ = {isa = PBXBuildFile; fileRef = 50A46FD22BE0896D00DE5A84 /* StockBaseView.swift */; };
		50A46FD52BE089AB00DE5A84 /* BaseViewModel.swift in Sources */ = {isa = PBXBuildFile; fileRef = 50A46FD42BE089AB00DE5A84 /* BaseViewModel.swift */; };
		50A46FD72BE0B89600DE5A84 /* HighchartTabView.swift in Sources */ = {isa = PBXBuildFile; fileRef = 50A46FD62BE0B89600DE5A84 /* HighchartTabView.swift */; };
		50A46FD92BE0B90000DE5A84 /* HourlyChartView.swift in Sources */ = {isa = PBXBuildFile; fileRef = 50A46FD82BE0B90000DE5A84 /* HourlyChartView.swift */; };
		50A46FDD2BE0C76A00DE5A84 /* HourlyViewModel.swift in Sources */ = {isa = PBXBuildFile; fileRef = 50A46FDC2BE0C76A00DE5A84 /* HourlyViewModel.swift */; };
		50F124282BE25AF50052C70C /* EarningsView.swift in Sources */ = {isa = PBXBuildFile; fileRef = 50F124272BE25AF50052C70C /* EarningsView.swift */; };
		50F1242A2BE25B120052C70C /* EarningsViewModel.swift in Sources */ = {isa = PBXBuildFile; fileRef = 50F124292BE25B120052C70C /* EarningsViewModel.swift */; };
		50F1242C2BE2834D0052C70C /* DetailPortfolioView.swift in Sources */ = {isa = PBXBuildFile; fileRef = 50F1242B2BE2834D0052C70C /* DetailPortfolioView.swift */; };
		50F1242E2BE2836E0052C70C /* DPortfolioViewModel.swift in Sources */ = {isa = PBXBuildFile; fileRef = 50F1242D2BE2836E0052C70C /* DPortfolioViewModel.swift */; };
		50F124302BE2B4D20052C70C /* TradeViewModel.swift in Sources */ = {isa = PBXBuildFile; fileRef = 50F1242F2BE2B4D20052C70C /* TradeViewModel.swift */; };
		50F124322BE2CC440052C70C /* DWatchlistViewModel.swift in Sources */ = {isa = PBXBuildFile; fileRef = 50F124312BE2CC440052C70C /* DWatchlistViewModel.swift */; };
		50F124342BE2D3310052C70C /* LikeViewModel.swift in Sources */ = {isa = PBXBuildFile; fileRef = 50F124332BE2D3310052C70C /* LikeViewModel.swift */; };
		50F124362BE2DE8F0052C70C /* HomeViewModel.swift in Sources */ = {isa = PBXBuildFile; fileRef = 50F124352BE2DE8F0052C70C /* HomeViewModel.swift */; };
		50F124382BE329E70052C70C /* HomePortView.swift in Sources */ = {isa = PBXBuildFile; fileRef = 50F124372BE329E70052C70C /* HomePortView.swift */; };
		50F1243A2BE32B120052C70C /* HomeWatchView.swift in Sources */ = {isa = PBXBuildFile; fileRef = 50F124392BE32B120052C70C /* HomeWatchView.swift */; };
		50F1243C2BE32C720052C70C /* NewsSheetView.swift in Sources */ = {isa = PBXBuildFile; fileRef = 50F1243B2BE32C720052C70C /* NewsSheetView.swift */; };
/* End PBXBuildFile section */

/* Begin PBXFileReference section */
		501B12522BDF22CB001784BF /* Home.swift */ = {isa = PBXFileReference; lastKnownFileType = sourcecode.swift; path = Home.swift; sourceTree = "<group>"; };
		501B12542BDF2302001784BF /* SearchViewModel.swift */ = {isa = PBXFileReference; lastKnownFileType = sourcecode.swift; path = SearchViewModel.swift; sourceTree = "<group>"; };
		501B12582BDF8C43001784BF /* AutocompleteView.swift */ = {isa = PBXFileReference; lastKnownFileType = sourcecode.swift; path = AutocompleteView.swift; sourceTree = "<group>"; };
		501B125E2BDFB6AA001784BF /* CurrentTimeView.swift */ = {isa = PBXFileReference; lastKnownFileType = sourcecode.swift; path = CurrentTimeView.swift; sourceTree = "<group>"; };
		501B12602BDFB759001784BF /* TimeViewModel.swift */ = {isa = PBXFileReference; lastKnownFileType = sourcecode.swift; path = TimeViewModel.swift; sourceTree = "<group>"; };
		501B12642BDFB919001784BF /* AppModel.swift */ = {isa = PBXFileReference; lastKnownFileType = sourcecode.swift; path = AppModel.swift; sourceTree = "<group>"; };
		501B12662BDFBD79001784BF /* StockDetailView.swift */ = {isa = PBXFileReference; lastKnownFileType = sourcecode.swift; path = StockDetailView.swift; sourceTree = "<group>"; };
		5029F9542BE1CF4900253CD1 /* HistoricalViewModel.swift */ = {isa = PBXFileReference; lastKnownFileType = sourcecode.swift; path = HistoricalViewModel.swift; sourceTree = "<group>"; };
		5029F9562BE1CF6D00253CD1 /* HistoricalChartView.swift */ = {isa = PBXFileReference; lastKnownFileType = sourcecode.swift; path = HistoricalChartView.swift; sourceTree = "<group>"; };
		5029F9582BE206DC00253CD1 /* AboutView.swift */ = {isa = PBXFileReference; lastKnownFileType = sourcecode.swift; path = AboutView.swift; sourceTree = "<group>"; };
		5029F95A2BE207DF00253CD1 /* AboutViewModel.swift */ = {isa = PBXFileReference; lastKnownFileType = sourcecode.swift; path = AboutViewModel.swift; sourceTree = "<group>"; };
		5029F95C2BE2219400253CD1 /* InsightsView.swift */ = {isa = PBXFileReference; lastKnownFileType = sourcecode.swift; path = InsightsView.swift; sourceTree = "<group>"; };
		5029F9602BE221C700253CD1 /* InsightsViewModel.swift */ = {isa = PBXFileReference; lastKnownFileType = sourcecode.swift; path = InsightsViewModel.swift; sourceTree = "<group>"; };
		5029F9622BE2298900253CD1 /* NewsView.swift */ = {isa = PBXFileReference; lastKnownFileType = sourcecode.swift; path = NewsView.swift; sourceTree = "<group>"; };
		5029F9642BE233E000253CD1 /* NewsViewModel.swift */ = {isa = PBXFileReference; lastKnownFileType = sourcecode.swift; path = NewsViewModel.swift; sourceTree = "<group>"; };
		5029F9662BE2354400253CD1 /* RecommendChartView.swift */ = {isa = PBXFileReference; lastKnownFileType = sourcecode.swift; path = RecommendChartView.swift; sourceTree = "<group>"; };
		5029F9682BE238D200253CD1 /* RecommendViewModel.swift */ = {isa = PBXFileReference; lastKnownFileType = sourcecode.swift; path = RecommendViewModel.swift; sourceTree = "<group>"; };
		507FDCF42BDE34E5005C0F47 /* StocksAppCSCI571.app */ = {isa = PBXFileReference; explicitFileType = wrapper.application; includeInIndex = 0; path = StocksAppCSCI571.app; sourceTree = BUILT_PRODUCTS_DIR; };
		507FDCF72BDE34E5005C0F47 /* StocksAppCSCI571App.swift */ = {isa = PBXFileReference; lastKnownFileType = sourcecode.swift; path = StocksAppCSCI571App.swift; sourceTree = "<group>"; };
		507FDCFB2BDE34E7005C0F47 /* Assets.xcassets */ = {isa = PBXFileReference; lastKnownFileType = folder.assetcatalog; path = Assets.xcassets; sourceTree = "<group>"; };
		507FDCFE2BDE34E7005C0F47 /* Preview Assets.xcassets */ = {isa = PBXFileReference; lastKnownFileType = folder.assetcatalog; path = "Preview Assets.xcassets"; sourceTree = "<group>"; };
		507FDD092BDE35CF005C0F47 /* Launch Screen.storyboard */ = {isa = PBXFileReference; lastKnownFileType = file.storyboard; path = "Launch Screen.storyboard"; sourceTree = "<group>"; };
		50A46FD22BE0896D00DE5A84 /* StockBaseView.swift */ = {isa = PBXFileReference; lastKnownFileType = sourcecode.swift; path = StockBaseView.swift; sourceTree = "<group>"; };
		50A46FD42BE089AB00DE5A84 /* BaseViewModel.swift */ = {isa = PBXFileReference; lastKnownFileType = sourcecode.swift; path = BaseViewModel.swift; sourceTree = "<group>"; };
		50A46FD62BE0B89600DE5A84 /* HighchartTabView.swift */ = {isa = PBXFileReference; lastKnownFileType = sourcecode.swift; path = HighchartTabView.swift; sourceTree = "<group>"; };
		50A46FD82BE0B90000DE5A84 /* HourlyChartView.swift */ = {isa = PBXFileReference; lastKnownFileType = sourcecode.swift; path = HourlyChartView.swift; sourceTree = "<group>"; };
		50A46FDC2BE0C76A00DE5A84 /* HourlyViewModel.swift */ = {isa = PBXFileReference; lastKnownFileType = sourcecode.swift; path = HourlyViewModel.swift; sourceTree = "<group>"; };
		50F124272BE25AF50052C70C /* EarningsView.swift */ = {isa = PBXFileReference; lastKnownFileType = sourcecode.swift; path = EarningsView.swift; sourceTree = "<group>"; };
		50F124292BE25B120052C70C /* EarningsViewModel.swift */ = {isa = PBXFileReference; lastKnownFileType = sourcecode.swift; path = EarningsViewModel.swift; sourceTree = "<group>"; };
		50F1242B2BE2834D0052C70C /* DetailPortfolioView.swift */ = {isa = PBXFileReference; lastKnownFileType = sourcecode.swift; path = DetailPortfolioView.swift; sourceTree = "<group>"; };
		50F1242D2BE2836E0052C70C /* DPortfolioViewModel.swift */ = {isa = PBXFileReference; lastKnownFileType = sourcecode.swift; path = DPortfolioViewModel.swift; sourceTree = "<group>"; };
		50F1242F2BE2B4D20052C70C /* TradeViewModel.swift */ = {isa = PBXFileReference; lastKnownFileType = sourcecode.swift; path = TradeViewModel.swift; sourceTree = "<group>"; };
		50F124312BE2CC440052C70C /* DWatchlistViewModel.swift */ = {isa = PBXFileReference; lastKnownFileType = sourcecode.swift; path = DWatchlistViewModel.swift; sourceTree = "<group>"; };
		50F124332BE2D3310052C70C /* LikeViewModel.swift */ = {isa = PBXFileReference; lastKnownFileType = sourcecode.swift; path = LikeViewModel.swift; sourceTree = "<group>"; };
		50F124352BE2DE8F0052C70C /* HomeViewModel.swift */ = {isa = PBXFileReference; lastKnownFileType = sourcecode.swift; path = HomeViewModel.swift; sourceTree = "<group>"; };
		50F124372BE329E70052C70C /* HomePortView.swift */ = {isa = PBXFileReference; lastKnownFileType = sourcecode.swift; path = HomePortView.swift; sourceTree = "<group>"; };
		50F124392BE32B120052C70C /* HomeWatchView.swift */ = {isa = PBXFileReference; lastKnownFileType = sourcecode.swift; path = HomeWatchView.swift; sourceTree = "<group>"; };
		50F1243B2BE32C720052C70C /* NewsSheetView.swift */ = {isa = PBXFileReference; lastKnownFileType = sourcecode.swift; path = NewsSheetView.swift; sourceTree = "<group>"; };
/* End PBXFileReference section */

/* Begin PBXFrameworksBuildPhase section */
		507FDCF12BDE34E5005C0F47 /* Frameworks */ = {
			isa = PBXFrameworksBuildPhase;
			buildActionMask = 2147483647;
			files = (
			);
			runOnlyForDeploymentPostprocessing = 0;
		};
/* End PBXFrameworksBuildPhase section */

/* Begin PBXGroup section */
		507FDCEB2BDE34E5005C0F47 = {
			isa = PBXGroup;
			children = (
				507FDCF62BDE34E5005C0F47 /* StocksAppCSCI571 */,
				507FDCF52BDE34E5005C0F47 /* Products */,
			);
			sourceTree = "<group>";
		};
		507FDCF52BDE34E5005C0F47 /* Products */ = {
			isa = PBXGroup;
			children = (
				507FDCF42BDE34E5005C0F47 /* StocksAppCSCI571.app */,
			);
			name = Products;
			sourceTree = "<group>";
		};
		507FDCF62BDE34E5005C0F47 /* StocksAppCSCI571 */ = {
			isa = PBXGroup;
			children = (
				507FDCF72BDE34E5005C0F47 /* StocksAppCSCI571App.swift */,
				507FDCFB2BDE34E7005C0F47 /* Assets.xcassets */,
				507FDD052BDE3510005C0F47 /* Models */,
				507FDD062BDE351B005C0F47 /* Views */,
				507FDD072BDE3523005C0F47 /* ViewModels */,
				507FDD082BDE3530005C0F47 /* Others */,
				507FDCFD2BDE34E7005C0F47 /* Preview Content */,
			);
			path = StocksAppCSCI571;
			sourceTree = "<group>";
		};
		507FDCFD2BDE34E7005C0F47 /* Preview Content */ = {
			isa = PBXGroup;
			children = (
				507FDCFE2BDE34E7005C0F47 /* Preview Assets.xcassets */,
			);
			path = "Preview Content";
			sourceTree = "<group>";
		};
		507FDD052BDE3510005C0F47 /* Models */ = {
			isa = PBXGroup;
			children = (
				501B12642BDFB919001784BF /* AppModel.swift */,
			);
			path = Models;
			sourceTree = "<group>";
		};
		507FDD062BDE351B005C0F47 /* Views */ = {
			isa = PBXGroup;
			children = (
				501B12522BDF22CB001784BF /* Home.swift */,
				5029F9582BE206DC00253CD1 /* AboutView.swift */,
				501B12582BDF8C43001784BF /* AutocompleteView.swift */,
				501B125E2BDFB6AA001784BF /* CurrentTimeView.swift */,
				50F1242B2BE2834D0052C70C /* DetailPortfolioView.swift */,
				50F124272BE25AF50052C70C /* EarningsView.swift */,
				50A46FD62BE0B89600DE5A84 /* HighchartTabView.swift */,
				5029F9562BE1CF6D00253CD1 /* HistoricalChartView.swift */,
				50F124372BE329E70052C70C /* HomePortView.swift */,
				50F124392BE32B120052C70C /* HomeWatchView.swift */,
				50A46FD82BE0B90000DE5A84 /* HourlyChartView.swift */,
				5029F95C2BE2219400253CD1 /* InsightsView.swift */,
				5029F9622BE2298900253CD1 /* NewsView.swift */,
				50F1243B2BE32C720052C70C /* NewsSheetView.swift */,
				5029F9662BE2354400253CD1 /* RecommendChartView.swift */,
				50A46FD22BE0896D00DE5A84 /* StockBaseView.swift */,
				501B12662BDFBD79001784BF /* StockDetailView.swift */,
			);
			path = Views;
			sourceTree = "<group>";
		};
		507FDD072BDE3523005C0F47 /* ViewModels */ = {
			isa = PBXGroup;
			children = (
				50F124352BE2DE8F0052C70C /* HomeViewModel.swift */,
				5029F95A2BE207DF00253CD1 /* AboutViewModel.swift */,
				50A46FD42BE089AB00DE5A84 /* BaseViewModel.swift */,
				50F1242D2BE2836E0052C70C /* DPortfolioViewModel.swift */,
				50F124312BE2CC440052C70C /* DWatchlistViewModel.swift */,
				50F124292BE25B120052C70C /* EarningsViewModel.swift */,
				5029F9542BE1CF4900253CD1 /* HistoricalViewModel.swift */,
				50A46FDC2BE0C76A00DE5A84 /* HourlyViewModel.swift */,
				5029F9602BE221C700253CD1 /* InsightsViewModel.swift */,
				50F124332BE2D3310052C70C /* LikeViewModel.swift */,
				5029F9642BE233E000253CD1 /* NewsViewModel.swift */,
				5029F9682BE238D200253CD1 /* RecommendViewModel.swift */,
				501B12542BDF2302001784BF /* SearchViewModel.swift */,
				501B12602BDFB759001784BF /* TimeViewModel.swift */,
				50F1242F2BE2B4D20052C70C /* TradeViewModel.swift */,
			);
			path = ViewModels;
			sourceTree = "<group>";
		};
		507FDD082BDE3530005C0F47 /* Others */ = {
			isa = PBXGroup;
			children = (
				507FDD092BDE35CF005C0F47 /* Launch Screen.storyboard */,
			);
			path = Others;
			sourceTree = "<group>";
		};
/* End PBXGroup section */

/* Begin PBXNativeTarget section */
		507FDCF32BDE34E5005C0F47 /* StocksAppCSCI571 */ = {
			isa = PBXNativeTarget;
			buildConfigurationList = 507FDD022BDE34E7005C0F47 /* Build configuration list for PBXNativeTarget "StocksAppCSCI571" */;
			buildPhases = (
				507FDCF02BDE34E5005C0F47 /* Sources */,
				507FDCF12BDE34E5005C0F47 /* Frameworks */,
				507FDCF22BDE34E5005C0F47 /* Resources */,
			);
			buildRules = (
			);
			dependencies = (
			);
			name = StocksAppCSCI571;
			productName = StocksAppCSCI571;
			productReference = 507FDCF42BDE34E5005C0F47 /* StocksAppCSCI571.app */;
			productType = "com.apple.product-type.application";
		};
/* End PBXNativeTarget section */

/* Begin PBXProject section */
		507FDCEC2BDE34E5005C0F47 /* Project object */ = {
			isa = PBXProject;
			attributes = {
				BuildIndependentTargetsInParallel = 1;
				LastSwiftUpdateCheck = 1530;
				LastUpgradeCheck = 1530;
				TargetAttributes = {
					507FDCF32BDE34E5005C0F47 = {
						CreatedOnToolsVersion = 15.3;
					};
				};
			};
			buildConfigurationList = 507FDCEF2BDE34E5005C0F47 /* Build configuration list for PBXProject "StocksAppCSCI571" */;
			compatibilityVersion = "Xcode 14.0";
			developmentRegion = en;
			hasScannedForEncodings = 0;
			knownRegions = (
				en,
				Base,
			);
			mainGroup = 507FDCEB2BDE34E5005C0F47;
			productRefGroup = 507FDCF52BDE34E5005C0F47 /* Products */;
			projectDirPath = "";
			projectRoot = "";
			targets = (
				507FDCF32BDE34E5005C0F47 /* StocksAppCSCI571 */,
			);
		};
/* End PBXProject section */

/* Begin PBXResourcesBuildPhase section */
		507FDCF22BDE34E5005C0F47 /* Resources */ = {
			isa = PBXResourcesBuildPhase;
			buildActionMask = 2147483647;
			files = (
				507FDD0A2BDE35CF005C0F47 /* Launch Screen.storyboard in Resources */,
				507FDCFF2BDE34E7005C0F47 /* Preview Assets.xcassets in Resources */,
				507FDCFC2BDE34E7005C0F47 /* Assets.xcassets in Resources */,
			);
			runOnlyForDeploymentPostprocessing = 0;
		};
/* End PBXResourcesBuildPhase section */

/* Begin PBXSourcesBuildPhase section */
		507FDCF02BDE34E5005C0F47 /* Sources */ = {
			isa = PBXSourcesBuildPhase;
			buildActionMask = 2147483647;
			files = (
				5029F9592BE206DC00253CD1 /* AboutView.swift in Sources */,
				50F1243A2BE32B120052C70C /* HomeWatchView.swift in Sources */,
				50F124322BE2CC440052C70C /* DWatchlistViewModel.swift in Sources */,
				50A46FD32BE0896D00DE5A84 /* StockBaseView.swift in Sources */,
				50F1242E2BE2836E0052C70C /* DPortfolioViewModel.swift in Sources */,
				50F124302BE2B4D20052C70C /* TradeViewModel.swift in Sources */,
				50F1242C2BE2834D0052C70C /* DetailPortfolioView.swift in Sources */,
				5029F9672BE2354400253CD1 /* RecommendChartView.swift in Sources */,
				5029F95B2BE207DF00253CD1 /* AboutViewModel.swift in Sources */,
				501B12532BDF22CB001784BF /* Home.swift in Sources */,
				5029F9652BE233E000253CD1 /* NewsViewModel.swift in Sources */,
				501B12612BDFB759001784BF /* TimeViewModel.swift in Sources */,
				501B12592BDF8C43001784BF /* AutocompleteView.swift in Sources */,
				5029F9612BE221C700253CD1 /* InsightsViewModel.swift in Sources */,
				5029F9552BE1CF4900253CD1 /* HistoricalViewModel.swift in Sources */,
				50A46FDD2BE0C76A00DE5A84 /* HourlyViewModel.swift in Sources */,
				50A46FD72BE0B89600DE5A84 /* HighchartTabView.swift in Sources */,
				50F1242A2BE25B120052C70C /* EarningsViewModel.swift in Sources */,
				5029F9692BE238D200253CD1 /* RecommendViewModel.swift in Sources */,
				501B12652BDFB919001784BF /* AppModel.swift in Sources */,
				501B12552BDF2302001784BF /* SearchViewModel.swift in Sources */,
				50A46FD52BE089AB00DE5A84 /* BaseViewModel.swift in Sources */,
				5029F9632BE2298900253CD1 /* NewsView.swift in Sources */,
				50F124382BE329E70052C70C /* HomePortView.swift in Sources */,
				501B12672BDFBD79001784BF /* StockDetailView.swift in Sources */,
				50A46FD92BE0B90000DE5A84 /* HourlyChartView.swift in Sources */,
				5029F9572BE1CF6D00253CD1 /* HistoricalChartView.swift in Sources */,
				5029F95D2BE2219400253CD1 /* InsightsView.swift in Sources */,
				501B125F2BDFB6AA001784BF /* CurrentTimeView.swift in Sources */,
				507FDCF82BDE34E5005C0F47 /* StocksAppCSCI571App.swift in Sources */,
				50F124282BE25AF50052C70C /* EarningsView.swift in Sources */,
				50F1243C2BE32C720052C70C /* NewsSheetView.swift in Sources */,
				50F124362BE2DE8F0052C70C /* HomeViewModel.swift in Sources */,
				50F124342BE2D3310052C70C /* LikeViewModel.swift in Sources */,
			);
			runOnlyForDeploymentPostprocessing = 0;
		};
/* End PBXSourcesBuildPhase section */

/* Begin XCBuildConfiguration section */
		507FDD002BDE34E7005C0F47 /* Debug */ = {
			isa = XCBuildConfiguration;
			buildSettings = {
				ALWAYS_SEARCH_USER_PATHS = NO;
				ASSETCATALOG_COMPILER_GENERATE_SWIFT_ASSET_SYMBOL_EXTENSIONS = YES;
				CLANG_ANALYZER_NONNULL = YES;
				CLANG_ANALYZER_NUMBER_OBJECT_CONVERSION = YES_AGGRESSIVE;
				CLANG_CXX_LANGUAGE_STANDARD = "gnu++20";
				CLANG_ENABLE_MODULES = YES;
				CLANG_ENABLE_OBJC_ARC = YES;
				CLANG_ENABLE_OBJC_WEAK = YES;
				CLANG_WARN_BLOCK_CAPTURE_AUTORELEASING = YES;
				CLANG_WARN_BOOL_CONVERSION = YES;
				CLANG_WARN_COMMA = YES;
				CLANG_WARN_CONSTANT_CONVERSION = YES;
				CLANG_WARN_DEPRECATED_OBJC_IMPLEMENTATIONS = YES;
				CLANG_WARN_DIRECT_OBJC_ISA_USAGE = YES_ERROR;
				CLANG_WARN_DOCUMENTATION_COMMENTS = YES;
				CLANG_WARN_EMPTY_BODY = YES;
				CLANG_WARN_ENUM_CONVERSION = YES;
				CLANG_WARN_INFINITE_RECURSION = YES;
				CLANG_WARN_INT_CONVERSION = YES;
				CLANG_WARN_NON_LITERAL_NULL_CONVERSION = YES;
				CLANG_WARN_OBJC_IMPLICIT_RETAIN_SELF = YES;
				CLANG_WARN_OBJC_LITERAL_CONVERSION = YES;
				CLANG_WARN_OBJC_ROOT_CLASS = YES_ERROR;
				CLANG_WARN_QUOTED_INCLUDE_IN_FRAMEWORK_HEADER = YES;
				CLANG_WARN_RANGE_LOOP_ANALYSIS = YES;
				CLANG_WARN_STRICT_PROTOTYPES = YES;
				CLANG_WARN_SUSPICIOUS_MOVE = YES;
				CLANG_WARN_UNGUARDED_AVAILABILITY = YES_AGGRESSIVE;
				CLANG_WARN_UNREACHABLE_CODE = YES;
				CLANG_WARN__DUPLICATE_METHOD_MATCH = YES;
				COPY_PHASE_STRIP = NO;
				DEBUG_INFORMATION_FORMAT = dwarf;
				ENABLE_STRICT_OBJC_MSGSEND = YES;
				ENABLE_TESTABILITY = YES;
				ENABLE_USER_SCRIPT_SANDBOXING = YES;
				GCC_C_LANGUAGE_STANDARD = gnu17;
				GCC_DYNAMIC_NO_PIC = NO;
				GCC_NO_COMMON_BLOCKS = YES;
				GCC_OPTIMIZATION_LEVEL = 0;
				GCC_PREPROCESSOR_DEFINITIONS = (
					"DEBUG=1",
					"$(inherited)",
				);
				GCC_WARN_64_TO_32_BIT_CONVERSION = YES;
				GCC_WARN_ABOUT_RETURN_TYPE = YES_ERROR;
				GCC_WARN_UNDECLARED_SELECTOR = YES;
				GCC_WARN_UNINITIALIZED_AUTOS = YES_AGGRESSIVE;
				GCC_WARN_UNUSED_FUNCTION = YES;
				GCC_WARN_UNUSED_VARIABLE = YES;
				IPHONEOS_DEPLOYMENT_TARGET = 17.4;
				LOCALIZATION_PREFERS_STRING_CATALOGS = YES;
				MTL_ENABLE_DEBUG_INFO = INCLUDE_SOURCE;
				MTL_FAST_MATH = YES;
				ONLY_ACTIVE_ARCH = YES;
				SDKROOT = iphoneos;
				SWIFT_ACTIVE_COMPILATION_CONDITIONS = "DEBUG $(inherited)";
				SWIFT_OPTIMIZATION_LEVEL = "-Onone";
			};
			name = Debug;
		};
		507FDD012BDE34E7005C0F47 /* Release */ = {
			isa = XCBuildConfiguration;
			buildSettings = {
				ALWAYS_SEARCH_USER_PATHS = NO;
				ASSETCATALOG_COMPILER_GENERATE_SWIFT_ASSET_SYMBOL_EXTENSIONS = YES;
				CLANG_ANALYZER_NONNULL = YES;
				CLANG_ANALYZER_NUMBER_OBJECT_CONVERSION = YES_AGGRESSIVE;
				CLANG_CXX_LANGUAGE_STANDARD = "gnu++20";
				CLANG_ENABLE_MODULES = YES;
				CLANG_ENABLE_OBJC_ARC = YES;
				CLANG_ENABLE_OBJC_WEAK = YES;
				CLANG_WARN_BLOCK_CAPTURE_AUTORELEASING = YES;
				CLANG_WARN_BOOL_CONVERSION = YES;
				CLANG_WARN_COMMA = YES;
				CLANG_WARN_CONSTANT_CONVERSION = YES;
				CLANG_WARN_DEPRECATED_OBJC_IMPLEMENTATIONS = YES;
				CLANG_WARN_DIRECT_OBJC_ISA_USAGE = YES_ERROR;
				CLANG_WARN_DOCUMENTATION_COMMENTS = YES;
				CLANG_WARN_EMPTY_BODY = YES;
				CLANG_WARN_ENUM_CONVERSION = YES;
				CLANG_WARN_INFINITE_RECURSION = YES;
				CLANG_WARN_INT_CONVERSION = YES;
				CLANG_WARN_NON_LITERAL_NULL_CONVERSION = YES;
				CLANG_WARN_OBJC_IMPLICIT_RETAIN_SELF = YES;
				CLANG_WARN_OBJC_LITERAL_CONVERSION = YES;
				CLANG_WARN_OBJC_ROOT_CLASS = YES_ERROR;
				CLANG_WARN_QUOTED_INCLUDE_IN_FRAMEWORK_HEADER = YES;
				CLANG_WARN_RANGE_LOOP_ANALYSIS = YES;
				CLANG_WARN_STRICT_PROTOTYPES = YES;
				CLANG_WARN_SUSPICIOUS_MOVE = YES;
				CLANG_WARN_UNGUARDED_AVAILABILITY = YES_AGGRESSIVE;
				CLANG_WARN_UNREACHABLE_CODE = YES;
				CLANG_WARN__DUPLICATE_METHOD_MATCH = YES;
				COPY_PHASE_STRIP = NO;
				DEBUG_INFORMATION_FORMAT = "dwarf-with-dsym";
				ENABLE_NS_ASSERTIONS = NO;
				ENABLE_STRICT_OBJC_MSGSEND = YES;
				ENABLE_USER_SCRIPT_SANDBOXING = YES;
				GCC_C_LANGUAGE_STANDARD = gnu17;
				GCC_NO_COMMON_BLOCKS = YES;
				GCC_WARN_64_TO_32_BIT_CONVERSION = YES;
				GCC_WARN_ABOUT_RETURN_TYPE = YES_ERROR;
				GCC_WARN_UNDECLARED_SELECTOR = YES;
				GCC_WARN_UNINITIALIZED_AUTOS = YES_AGGRESSIVE;
				GCC_WARN_UNUSED_FUNCTION = YES;
				GCC_WARN_UNUSED_VARIABLE = YES;
				IPHONEOS_DEPLOYMENT_TARGET = 17.4;
				LOCALIZATION_PREFERS_STRING_CATALOGS = YES;
				MTL_ENABLE_DEBUG_INFO = NO;
				MTL_FAST_MATH = YES;
				SDKROOT = iphoneos;
				SWIFT_COMPILATION_MODE = wholemodule;
				VALIDATE_PRODUCT = YES;
			};
			name = Release;
		};
		507FDD032BDE34E7005C0F47 /* Debug */ = {
			isa = XCBuildConfiguration;
			buildSettings = {
				ASSETCATALOG_COMPILER_APPICON_NAME = AppIcon;
				ASSETCATALOG_COMPILER_GLOBAL_ACCENT_COLOR_NAME = AccentColor;
				CODE_SIGN_STYLE = Automatic;
				CURRENT_PROJECT_VERSION = 1;
				DEVELOPMENT_ASSET_PATHS = "\"StocksAppCSCI571/Preview Content\"";
				ENABLE_PREVIEWS = YES;
				GENERATE_INFOPLIST_FILE = YES;
				INFOPLIST_KEY_UIApplicationSceneManifest_Generation = YES;
				INFOPLIST_KEY_UIApplicationSupportsIndirectInputEvents = YES;
				INFOPLIST_KEY_UILaunchScreen_Generation = YES;
				INFOPLIST_KEY_UILaunchStoryboardName = "Launch Screen.storyboard";
				INFOPLIST_KEY_UISupportedInterfaceOrientations_iPad = "UIInterfaceOrientationPortrait UIInterfaceOrientationPortraitUpsideDown UIInterfaceOrientationLandscapeLeft UIInterfaceOrientationLandscapeRight";
				INFOPLIST_KEY_UISupportedInterfaceOrientations_iPhone = "UIInterfaceOrientationPortrait UIInterfaceOrientationLandscapeLeft UIInterfaceOrientationLandscapeRight";
				LD_RUNPATH_SEARCH_PATHS = (
					"$(inherited)",
					"@executable_path/Frameworks",
				);
				MARKETING_VERSION = 1.0;
				PRODUCT_BUNDLE_IDENTIFIER = com.YifanLi.StocksAppCSCI571;
				PRODUCT_NAME = "$(TARGET_NAME)";
				SWIFT_EMIT_LOC_STRINGS = YES;
				SWIFT_VERSION = 5.0;
				TARGETED_DEVICE_FAMILY = "1,2";
			};
			name = Debug;
		};
		507FDD042BDE34E7005C0F47 /* Release */ = {
			isa = XCBuildConfiguration;
			buildSettings = {
				ASSETCATALOG_COMPILER_APPICON_NAME = AppIcon;
				ASSETCATALOG_COMPILER_GLOBAL_ACCENT_COLOR_NAME = AccentColor;
				CODE_SIGN_STYLE = Automatic;
				CURRENT_PROJECT_VERSION = 1;
				DEVELOPMENT_ASSET_PATHS = "\"StocksAppCSCI571/Preview Content\"";
				ENABLE_PREVIEWS = YES;
				GENERATE_INFOPLIST_FILE = YES;
				INFOPLIST_KEY_UIApplicationSceneManifest_Generation = YES;
				INFOPLIST_KEY_UIApplicationSupportsIndirectInputEvents = YES;
				INFOPLIST_KEY_UILaunchScreen_Generation = YES;
				INFOPLIST_KEY_UILaunchStoryboardName = "Launch Screen.storyboard";
				INFOPLIST_KEY_UISupportedInterfaceOrientations_iPad = "UIInterfaceOrientationPortrait UIInterfaceOrientationPortraitUpsideDown UIInterfaceOrientationLandscapeLeft UIInterfaceOrientationLandscapeRight";
				INFOPLIST_KEY_UISupportedInterfaceOrientations_iPhone = "UIInterfaceOrientationPortrait UIInterfaceOrientationLandscapeLeft UIInterfaceOrientationLandscapeRight";
				LD_RUNPATH_SEARCH_PATHS = (
					"$(inherited)",
					"@executable_path/Frameworks",
				);
				MARKETING_VERSION = 1.0;
				PRODUCT_BUNDLE_IDENTIFIER = com.YifanLi.StocksAppCSCI571;
				PRODUCT_NAME = "$(TARGET_NAME)";
				SWIFT_EMIT_LOC_STRINGS = YES;
				SWIFT_VERSION = 5.0;
				TARGETED_DEVICE_FAMILY = "1,2";
			};
			name = Release;
		};
/* End XCBuildConfiguration section */

/* Begin XCConfigurationList section */
		507FDCEF2BDE34E5005C0F47 /* Build configuration list for PBXProject "StocksAppCSCI571" */ = {
			isa = XCConfigurationList;
			buildConfigurations = (
				507FDD002BDE34E7005C0F47 /* Debug */,
				507FDD012BDE34E7005C0F47 /* Release */,
			);
			defaultConfigurationIsVisible = 0;
			defaultConfigurationName = Release;
		};
		507FDD022BDE34E7005C0F47 /* Build configuration list for PBXNativeTarget "StocksAppCSCI571" */ = {
			isa = XCConfigurationList;
			buildConfigurations = (
				507FDD032BDE34E7005C0F47 /* Debug */,
				507FDD042BDE34E7005C0F47 /* Release */,
			);
			defaultConfigurationIsVisible = 0;
			defaultConfigurationName = Release;
		};
/* End XCConfigurationList section */
	};
	rootObject = 507FDCEC2BDE34E5005C0F47 /* Project object */;
}
